<?xml version="1.0" encoding="utf-8"?>
<Project ToolsVersion="4.0" xmlns="http://schemas.microsoft.com/developer/msbuild/2003">
  <ItemGroup>
    <ClCompile Include="AutoSave.cpp">
      <Filter>Source Files</Filter>
    </ClCompile>
    <ClCompile Include="ChildFrm.cpp">
      <Filter>Source Files</Filter>
    </ClCompile>
    <ClCompile Include="Context.cpp">
      <Filter>Source Files</Filter>
    </ClCompile>
    <ClCompile Include="DbAttributeSet.cpp">
      <Filter>Source Files</Filter>
    </ClCompile>
    <ClCompile Include="DbLibNameSet.cpp">
      <Filter>Source Files</Filter>
    </ClCompile>
    <ClCompile Include="DbSymbolSet.cpp">
      <Filter>Source Files</Filter>
    </ClCompile>
    <ClCompile Include="Details.cpp">
      <Filter>Source Files</Filter>
    </ClCompile>
    <ClCompile Include="DetailsPropertyPages.cpp">
      <Filter>Source Files</Filter>
    </ClCompile>
    <ClCompile Include="DetailsPropertySheet.cpp">
      <Filter>Source Files</Filter>
    </ClCompile>
    <ClCompile Include="DlgAbout.cpp">
      <Filter>Source Files</Filter>
    </ClCompile>
    <ClCompile Include="DlgannotateBox.cpp">
      <Filter>Source Files</Filter>
    </ClCompile>
    <ClCompile Include="DlgBOMExport.cpp">
      <Filter>Source Files</Filter>
    </ClCompile>
    <ClCompile Include="DlgColours.cpp">
      <Filter>Source Files</Filter>
    </ClCompile>
    <ClCompile Include="DlgERCListBox.cpp">
      <Filter>Source Files</Filter>
    </ClCompile>
    <ClCompile Include="DlgExportPNG.cpp">
      <Filter>Source Files</Filter>
    </ClCompile>
    <ClCompile Include="DlgFindBox.cpp">
      <Filter>Source Files</Filter>
    </ClCompile>
    <ClCompile Include="DlgGetFindBox.cpp">
      <Filter>Source Files</Filter>
    </ClCompile>
    <ClCompile Include="DlgLibraryBox.cpp">
      <Filter>Source Files</Filter>
    </ClCompile>
    <ClCompile Include="DlgPageSizeBox.cpp">
      <Filter>Source Files</Filter>
    </ClCompile>
    <ClCompile Include="DlgPartsInPackage.cpp">
      <Filter>Source Files</Filter>
    </ClCompile>
    <ClCompile Include="DlgPCBExport.cpp">
      <Filter>Source Files</Filter>
    </ClCompile>
    <ClCompile Include="DlgPositionBox.cpp">
      <Filter>Source Files</Filter>
    </ClCompile>
    <ClCompile Include="DlgRenameSheet.cpp">
      <Filter>Source Files</Filter>
    </ClCompile>
    <ClCompile Include="DlgReplaceBox.cpp">
      <Filter>Source Files</Filter>
    </ClCompile>
    <ClCompile Include="DlgUpdateBox.cpp">
      <Filter>Source Files</Filter>
    </ClCompile>
    <ClCompile Include="DocResource.cpp">
      <Filter>Source Files</Filter>
    </ClCompile>
    <ClCompile Include="DragUtils.cpp">
      <Filter>Source Files</Filter>
    </ClCompile>
    <ClCompile Include="DrawBlockDrag.cpp">
      <Filter>Source Files</Filter>
    </ClCompile>
    <ClCompile Include="DrawBlockDup.cpp">
      <Filter>Source Files</Filter>
    </ClCompile>
    <ClCompile Include="DrawBlockImport.cpp">
      <Filter>Source Files</Filter>
    </ClCompile>
    <ClCompile Include="DrawBlockMove.cpp">
      <Filter>Source Files</Filter>
    </ClCompile>
    <ClCompile Include="DrawBlockRotate.cpp">
      <Filter>Source Files</Filter>
    </ClCompile>
    <ClCompile Include="DrawBusSlash.cpp">
      <Filter>Source Files</Filter>
    </ClCompile>
    <ClCompile Include="DrawCentre.cpp">
      <Filter>Source Files</Filter>
    </ClCompile>
    <ClCompile Include="DrawError.cpp">
      <Filter>Source Files</Filter>
    </ClCompile>
    <ClCompile Include="DrawHierarchicalSymbol.cpp">
      <Filter>Source Files</Filter>
    </ClCompile>
    <ClCompile Include="DrawingObject.cpp">
      <Filter>Source Files</Filter>
    </ClCompile>
    <ClCompile Include="DrawJunction.cpp">
      <Filter>Source Files</Filter>
    </ClCompile>
    <ClCompile Include="DrawLabel.cpp">
      <Filter>Source Files</Filter>
    </ClCompile>
    <ClCompile Include="DrawLine.cpp">
      <Filter>Source Files</Filter>
    </ClCompile>
    <ClCompile Include="DrawMetafile.cpp">
      <Filter>Source Files</Filter>
    </ClCompile>
    <ClCompile Include="DrawMethod.cpp">
      <Filter>Source Files</Filter>
    </ClCompile>
    <ClCompile Include="DrawNoConnect.cpp">
      <Filter>Source Files</Filter>
    </ClCompile>
    <ClCompile Include="DrawNoteText.cpp">
      <Filter>Source Files</Filter>
    </ClCompile>
    <ClCompile Include="DrawOrigin.cpp">
      <Filter>Source Files</Filter>
    </ClCompile>
    <ClCompile Include="DrawPin.cpp">
      <Filter>Source Files</Filter>
    </ClCompile>
    <ClCompile Include="DrawRectOutline.cpp">
      <Filter>Source Files</Filter>
    </ClCompile>
    <ClCompile Include="DrawRefPainter.cpp">
      <Filter>Source Files</Filter>
    </ClCompile>
    <ClCompile Include="DrawRuler.cpp">
      <Filter>Source Files</Filter>
    </ClCompile>
    <ClCompile Include="DrawSquare.cpp">
      <Filter>Source Files</Filter>
    </ClCompile>
    <ClCompile Include="DrawText.cpp">
      <Filter>Source Files</Filter>
    </ClCompile>
    <ClCompile Include="DRect.cpp">
      <Filter>Source Files</Filter>
    </ClCompile>
    <ClCompile Include="DSize.cpp">
      <Filter>Source Files</Filter>
    </ClCompile>
    <ClCompile Include="editbar.cpp">
      <Filter>Source Files</Filter>
    </ClCompile>
    <ClCompile Include="EditDlg.cpp">
      <Filter>Source Files</Filter>
    </ClCompile>
    <ClCompile Include="EditDlgDrawLineEdit.cpp">
      <Filter>Source Files</Filter>
    </ClCompile>
    <ClCompile Include="EditDlgDrawPolyEdit.cpp">
      <Filter>Source Files</Filter>
    </ClCompile>
    <ClCompile Include="EditDlgHierarchicalEdit.cpp">
      <Filter>Source Files</Filter>
    </ClCompile>
    <ClCompile Include="EditDlgLabelEdit.cpp">
      <Filter>Source Files</Filter>
    </ClCompile>
    <ClCompile Include="EditDlgLine.cpp">
      <Filter>Source Files</Filter>
    </ClCompile>
    <ClCompile Include="EditDlgMethodEdit.cpp">
      <Filter>Source Files</Filter>
    </ClCompile>
    <ClCompile Include="EditDlgNoteText.cpp">
      <Filter>Source Files</Filter>
    </ClCompile>
    <ClCompile Include="EditDlgPinEdit.cpp">
      <Filter>Source Files</Filter>
    </ClCompile>
    <ClCompile Include="EditDlgPolygon.cpp">
      <Filter>Source Files</Filter>
    </ClCompile>
    <ClCompile Include="EditDlgTextEdit.cpp">
      <Filter>Source Files</Filter>
    </ClCompile>
    <ClCompile Include="EditToolbar.cpp">
      <Filter>Source Files</Filter>
    </ClCompile>
    <ClCompile Include="FolderFrame.cpp">
      <Filter>Source Files</Filter>
    </ClCompile>
    <ClCompile Include="Ftab.cpp">
      <Filter>Source Files</Filter>
    </ClCompile>
    <ClCompile Include="HeaderStamp.cpp">
      <Filter>Source Files</Filter>
    </ClCompile>
    <ClCompile Include="Image.cpp">
      <Filter>Source Files</Filter>
    </ClCompile>
    <ClCompile Include="ImageBitmap.cpp">
      <Filter>Source Files</Filter>
    </ClCompile>
    <ClCompile Include="ImageJpeg.cpp">
      <Filter>Source Files</Filter>
    </ClCompile>
    <ClCompile Include="ImageMetafile.cpp">
      <Filter>Source Files</Filter>
    </ClCompile>
    <ClCompile Include="ImagePng.cpp">
      <Filter>Source Files</Filter>
    </ClCompile>
    <ClCompile Include="InitDialogBar.cpp">
      <Filter>Source Files</Filter>
    </ClCompile>
    <ClCompile Include="Io.cpp">
      <Filter>Source Files</Filter>
    </ClCompile>
    <ClCompile Include="Item.cpp">
      <Filter>Source Files</Filter>
    </ClCompile>
    <ClCompile Include="JunctionUtils.cpp">
      <Filter>Source Files</Filter>
    </ClCompile>
    <ClCompile Include="Libdiag.cpp">
      <Filter>Source Files</Filter>
    </ClCompile>
    <ClCompile Include="Library.cpp">
      <Filter>Source Files</Filter>
    </ClCompile>
    <ClCompile Include="LibraryCollection.cpp">
      <Filter>Source Files</Filter>
    </ClCompile>
    <ClCompile Include="LibraryDb.cpp">
      <Filter>Source Files</Filter>
    </ClCompile>
    <ClCompile Include="LibraryDoc.cpp">
      <Filter>Source Files</Filter>
    </ClCompile>
    <ClCompile Include="LibrarySQLite.cpp">
      <Filter>Source Files</Filter>
    </ClCompile>
    <ClCompile Include="LibraryStore.cpp">
      <Filter>Source Files</Filter>
    </ClCompile>
    <ClCompile Include="LibraryView.cpp">
      <Filter>Source Files</Filter>
    </ClCompile>
    <ClCompile Include="LineUtils.cpp">
      <Filter>Source Files</Filter>
    </ClCompile>
    <ClCompile Include="ListOfFillStyles.cpp">
      <Filter>Source Files</Filter>
    </ClCompile>
    <ClCompile Include="ListOfFonts.cpp">
      <Filter>Source Files</Filter>
    </ClCompile>
    <ClCompile Include="ListOfMetaFiles.cpp">
      <Filter>Source Files</Filter>
    </ClCompile>
    <ClCompile Include="ListOfStyles.cpp">
      <Filter>Source Files</Filter>
    </ClCompile>
    <ClCompile Include="ListOfSymbols.cpp">
      <Filter>Source Files</Filter>
    </ClCompile>
    <ClCompile Include="MainFrm.cpp">
      <Filter>Source Files</Filter>
    </ClCompile>
    <ClCompile Include="Menu.cpp">
      <Filter>Source Files</Filter>
    </ClCompile>
    <ClCompile Include="MonitorDC.cpp">
      <Filter>Source Files</Filter>
    </ClCompile>
    <ClCompile Include="Monitors.cpp">
      <Filter>Source Files</Filter>
    </ClCompile>
    <ClCompile Include="Multimon.cpp">
      <Filter>Source Files</Filter>
    </ClCompile>
    <ClCompile Include="MultiMonitor.cpp">
      <Filter>Source Files</Filter>
    </ClCompile>
    <ClCompile Include="MultiSheetDoc.cpp">
      <Filter>Source Files</Filter>
    </ClCompile>
    <ClCompile Include="Net.cpp">
      <Filter>Source Files</Filter>
    </ClCompile>
    <ClCompile Include="NetList.cpp">
      <Filter>Source Files</Filter>
    </ClCompile>
    <ClCompile Include="Option.cpp">
      <Filter>Source Files</Filter>
    </ClCompile>
    <ClCompile Include="OptionsPropertySheet.cpp">
      <Filter>Source Files</Filter>
    </ClCompile>
    <ClCompile Include="OptionsSheets.cpp">
      <Filter>Source Files</Filter>
    </ClCompile>
    <ClCompile Include="Paint.cpp">
      <Filter>Source Files</Filter>
    </ClCompile>
    <ClCompile Include="Polygon.cpp">
      <Filter>Source Files</Filter>
    </ClCompile>
    <ClCompile Include="Power.cpp">
      <Filter>Source Files</Filter>
    </ClCompile>
    <ClCompile Include="Registry.cpp">
      <Filter>Source Files</Filter>
    </ClCompile>
    <ClCompile Include="ResizeWnd.cpp">
      <Filter>Source Files</Filter>
    </ClCompile>
    <ClCompile Include="Ruler.cpp">
      <Filter>Source Files</Filter>
    </ClCompile>
    <ClCompile Include="SizerBar.cpp">
      <Filter>Source Files</Filter>
    </ClCompile>
    <ClCompile Include="Special.cpp">
      <Filter>Source Files</Filter>
    </ClCompile>
    <ClCompile Include="SpecialPrintDlg.cpp">
      <Filter>Source Files</Filter>
    </ClCompile>
    <ClCompile Include="Startup.cpp">
      <Filter>Source Files</Filter>
    </ClCompile>
    <ClCompile Include="StdAfx.cpp">
      <Filter>Source Files</Filter>
    </ClCompile>
    <ClCompile Include="Stream.cpp">
      <Filter>Source Files</Filter>
    </ClCompile>
    <ClCompile Include="StreamClipboard.cpp">
      <Filter>Source Files</Filter>
    </ClCompile>
    <ClCompile Include="StreamDb.cpp">
      <Filter>Source Files</Filter>
    </ClCompile>
    <ClCompile Include="StreamMemory.cpp">
      <Filter>Source Files</Filter>
    </ClCompile>
    <ClCompile Include="Symbol.cpp">
      <Filter>Source Files</Filter>
    </ClCompile>
    <ClCompile Include="TextEditDoc.cpp">
      <Filter>Source Files</Filter>
    </ClCompile>
    <ClCompile Include="TextEditView.cpp">
      <Filter>Source Files</Filter>
    </ClCompile>
    <ClCompile Include="TinyCad.cpp">
      <Filter>Source Files</Filter>
    </ClCompile>
    <ClCompile Include="TinyCadDoc.cpp">
      <Filter>Source Files</Filter>
    </ClCompile>
    <ClCompile Include="TinyCadHierarchicalDoc.cpp">
      <Filter>Source Files</Filter>
    </ClCompile>
    <ClCompile Include="TinyCadMultiDoc.cpp">
      <Filter>Source Files</Filter>
    </ClCompile>
    <ClCompile Include="TinyCadMultiSymbolDoc.cpp">
      <Filter>Source Files</Filter>
    </ClCompile>
    <ClCompile Include="TinyCadRegistry.cpp">
      <Filter>Source Files</Filter>
    </ClCompile>
    <ClCompile Include="TinyCadSymbolDoc.cpp">
      <Filter>Source Files</Filter>
    </ClCompile>
    <ClCompile Include="TinyCadView.cpp">
      <Filter>Source Files</Filter>
    </ClCompile>
    <ClCompile Include="Transform.cpp">
      <Filter>Source Files</Filter>
    </ClCompile>
    <ClCompile Include="UserColor.cpp">
      <Filter>Source Files</Filter>
    </ClCompile>
    <ClCompile Include="WinMgr.cpp">
      <Filter>Source Files</Filter>
    </ClCompile>
    <ClCompile Include="WinRect.cpp">
      <Filter>Source Files</Filter>
    </ClCompile>
    <ClCompile Include="xml_parse_tag.cpp">
      <Filter>Source Files</Filter>
    </ClCompile>
    <ClCompile Include="XMLException.cpp">
      <Filter>Source Files</Filter>
    </ClCompile>
    <ClCompile Include="XMLReader.cpp">
      <Filter>Source Files</Filter>
    </ClCompile>
    <ClCompile Include="XMLWriter.cpp">
      <Filter>Source Files</Filter>
    </ClCompile>
    <ClCompile Include="BOMGenerator.cpp">
      <Filter>Source Files</Filter>
    </ClCompile>
    <ClCompile Include="sqlite\CppSQLite3U.cpp">
      <Filter>Sqlite</Filter>
    </ClCompile>
    <ClCompile Include="sqlite\sqlite3.c">
      <Filter>Sqlite</Filter>
    </ClCompile>
  </ItemGroup>
  <ItemGroup>
    <ClInclude Include="ArcPoint.h">
      <Filter>Header Files</Filter>
    </ClInclude>
    <ClInclude Include="AutoSave.h">
      <Filter>Header Files</Filter>
    </ClInclude>
    <ClInclude Include="BOMGenerator.h">
      <Filter>Header Files</Filter>
    </ClInclude>
    <ClInclude Include="BuildID.h">
      <Filter>Header Files</Filter>
    </ClInclude>
    <ClInclude Include="ChildFrm.h">
      <Filter>Header Files</Filter>
    </ClInclude>
    <ClInclude Include="colour.h">
      <Filter>Header Files</Filter>
    </ClInclude>
    <ClInclude Include="Context.h">
      <Filter>Header Files</Filter>
    </ClInclude>
    <ClInclude Include="DbAttributeSet.h">
      <Filter>Header Files</Filter>
    </ClInclude>
    <ClInclude Include="DbLibNameSet.h">
      <Filter>Header Files</Filter>
    </ClInclude>
    <ClInclude Include="DbSymbolSet.h">
      <Filter>Header Files</Filter>
    </ClInclude>
    <ClInclude Include="Details.h">
      <Filter>Header Files</Filter>
    </ClInclude>
    <ClInclude Include="DetailsPropertyPages.h">
      <Filter>Header Files</Filter>
    </ClInclude>
    <ClInclude Include="DetailsPropertySheet.h">
      <Filter>Header Files</Filter>
    </ClInclude>
    <ClInclude Include="Diag.h">
      <Filter>Header Files</Filter>
    </ClInclude>
    <ClInclude Include="DlgAbout.h">
      <Filter>Header Files</Filter>
    </ClInclude>
    <ClInclude Include="DlgBOMExport.h">
      <Filter>Header Files</Filter>
    </ClInclude>
    <ClInclude Include="DlgColours.h">
      <Filter>Header Files</Filter>
    </ClInclude>
    <ClInclude Include="DlgExportPNG.h">
      <Filter>Header Files</Filter>
    </ClInclude>
    <ClInclude Include="DlgGetFindBox.h">
      <Filter>Header Files</Filter>
    </ClInclude>
    <ClInclude Include="DlgLibraryBox.h">
      <Filter>Header Files</Filter>
    </ClInclude>
    <ClInclude Include="DlgPartsInPackage.h">
      <Filter>Header Files</Filter>
    </ClInclude>
    <ClInclude Include="DlgPCBExport.h">
      <Filter>Header Files</Filter>
    </ClInclude>
    <ClInclude Include="DlgPositionBox.h">
      <Filter>Header Files</Filter>
    </ClInclude>
    <ClInclude Include="DlgRenameSheet.h">
      <Filter>Header Files</Filter>
    </ClInclude>
    <ClInclude Include="DlgReplaceBox.h">
      <Filter>Header Files</Filter>
    </ClInclude>
    <ClInclude Include="DlgUpdateBox.h">
      <Filter>Header Files</Filter>
    </ClInclude>
    <ClInclude Include="DocResource.h">
      <Filter>Header Files</Filter>
    </ClInclude>
    <ClInclude Include="DPoint.h">
      <Filter>Header Files</Filter>
    </ClInclude>
    <ClInclude Include="DragUtils.h">
      <Filter>Header Files</Filter>
    </ClInclude>
    <ClInclude Include="DrawHierarchicalSymbol.h">
      <Filter>Header Files</Filter>
    </ClInclude>
    <ClInclude Include="DrawingObject.h">
      <Filter>Header Files</Filter>
    </ClInclude>
    <ClInclude Include="DRect.h">
      <Filter>Header Files</Filter>
    </ClInclude>
    <ClInclude Include="DSize.h">
      <Filter>Header Files</Filter>
    </ClInclude>
    <ClInclude Include="EditDlgDrawLineEdit.h">
      <Filter>Header Files</Filter>
    </ClInclude>
    <ClInclude Include="EditDlgDrawPolyEdit.h">
      <Filter>Header Files</Filter>
    </ClInclude>
    <ClInclude Include="EditDlgHierarchicalEdit.h">
      <Filter>Header Files</Filter>
    </ClInclude>
    <ClInclude Include="EditDlgLabelEdit.h">
      <Filter>Header Files</Filter>
    </ClInclude>
    <ClInclude Include="EditDlgLine.h">
      <Filter>Header Files</Filter>
    </ClInclude>
    <ClInclude Include="EditDlgMethodEdit.h">
      <Filter>Header Files</Filter>
    </ClInclude>
    <ClInclude Include="EditDlgNoteText.h">
      <Filter>Header Files</Filter>
    </ClInclude>
    <ClInclude Include="EditDlgPinEdit.h">
      <Filter>Header Files</Filter>
    </ClInclude>
    <ClInclude Include="EditDlgPolygon.h">
      <Filter>Header Files</Filter>
    </ClInclude>
    <ClInclude Include="EditDlgTextEdit.h">
      <Filter>Header Files</Filter>
    </ClInclude>
    <ClInclude Include="EditToolbar.h">
      <Filter>Header Files</Filter>
    </ClInclude>
    <ClInclude Include="FolderFrame.h">
      <Filter>Header Files</Filter>
    </ClInclude>
    <ClInclude Include="Ftab.h">
      <Filter>Header Files</Filter>
    </ClInclude>
    <ClInclude Include="HeaderStamp.h">
      <Filter>Header Files</Filter>
    </ClInclude>
    <ClInclude Include="Image.h">
      <Filter>Header Files</Filter>
    </ClInclude>
    <ClInclude Include="ImageBitmap.h">
      <Filter>Header Files</Filter>
    </ClInclude>
    <ClInclude Include="ImageJpeg.h">
      <Filter>Header Files</Filter>
    </ClInclude>
    <ClInclude Include="ImageMetafile.h">
      <Filter>Header Files</Filter>
    </ClInclude>
    <ClInclude Include="ImagePng.h">
      <Filter>Header Files</Filter>
    </ClInclude>
    <ClInclude Include="InitDialogBar.h">
      <Filter>Header Files</Filter>
    </ClInclude>
    <ClInclude Include="JunctionUtils.h">
      <Filter>Header Files</Filter>
    </ClInclude>
    <ClInclude Include="Library.h">
      <Filter>Header Files</Filter>
    </ClInclude>
    <ClInclude Include="LibraryCollection.h">
      <Filter>Header Files</Filter>
    </ClInclude>
    <ClInclude Include="LibraryDb.h">
      <Filter>Header Files</Filter>
    </ClInclude>
    <ClInclude Include="LibraryDoc.h">
      <Filter>Header Files</Filter>
    </ClInclude>
    <ClInclude Include="LibrarySQLite.h">
      <Filter>Header Files</Filter>
    </ClInclude>
    <ClInclude Include="LibraryStore.h">
      <Filter>Header Files</Filter>
    </ClInclude>
    <ClInclude Include="LibraryView.h">
      <Filter>Header Files</Filter>
    </ClInclude>
    <ClInclude Include="LineUtils.h">
      <Filter>Header Files</Filter>
    </ClInclude>
    <ClInclude Include="ListOfFillStyles.h">
      <Filter>Header Files</Filter>
    </ClInclude>
    <ClInclude Include="ListOfFonts.h">
      <Filter>Header Files</Filter>
    </ClInclude>
    <ClInclude Include="ListOfMetaFiles.h">
      <Filter>Header Files</Filter>
    </ClInclude>
    <ClInclude Include="ListOfStyles.h">
      <Filter>Header Files</Filter>
    </ClInclude>
    <ClInclude Include="ListOfSymbols.h">
      <Filter>Header Files</Filter>
    </ClInclude>
    <ClInclude Include="MainFrm.h">
      <Filter>Header Files</Filter>
    </ClInclude>
    <ClInclude Include="MonitorDC.h">
      <Filter>Header Files</Filter>
    </ClInclude>
    <ClInclude Include="Monitors.h">
      <Filter>Header Files</Filter>
    </ClInclude>
    <ClInclude Include="MultiMonitor.h">
      <Filter>Header Files</Filter>
    </ClInclude>
    <ClInclude Include="MultiSheetDoc.h">
      <Filter>Header Files</Filter>
    </ClInclude>
    <ClInclude Include="Net.h">
      <Filter>Header Files</Filter>
    </ClInclude>
    <ClInclude Include="NewTypes.h">
      <Filter>Header Files</Filter>
    </ClInclude>
    <ClInclude Include="Object.h">
      <Filter>Header Files</Filter>
    </ClInclude>
    <ClInclude Include="Option.h">
      <Filter>Header Files</Filter>
    </ClInclude>
    <ClInclude Include="OptionsPropertySheet.h">
      <Filter>Header Files</Filter>
    </ClInclude>
    <ClInclude Include="OptionsSheets.h">
      <Filter>Header Files</Filter>
    </ClInclude>
    <ClInclude Include="Registry.h">
      <Filter>Header Files</Filter>
    </ClInclude>
    <ClInclude Include="ResizeWnd.h">
      <Filter>Header Files</Filter>
    </ClInclude>
    <ClInclude Include="Revision.h">
      <Filter>Header Files</Filter>
    </ClInclude>
    <ClInclude Include="Ruler.h">
      <Filter>Header Files</Filter>
    </ClInclude>
    <ClInclude Include="Special.h">
      <Filter>Header Files</Filter>
    </ClInclude>
    <ClInclude Include="SpecialPrintDlg.h">
      <Filter>Header Files</Filter>
    </ClInclude>
    <ClInclude Include="Startup.h">
      <Filter>Header Files</Filter>
    </ClInclude>
    <ClInclude Include="StdAfx.h">
      <Filter>Header Files</Filter>
    </ClInclude>
    <ClInclude Include="Stream.h">
      <Filter>Header Files</Filter>
    </ClInclude>
    <ClInclude Include="StreamClipboard.h">
      <Filter>Header Files</Filter>
    </ClInclude>
    <ClInclude Include="StreamDb.h">
      <Filter>Header Files</Filter>
    </ClInclude>
    <ClInclude Include="StreamMemory.h">
      <Filter>Header Files</Filter>
    </ClInclude>
    <ClInclude Include="Symbol.h">
      <Filter>Header Files</Filter>
    </ClInclude>
    <ClInclude Include="TextEditDoc.h">
      <Filter>Header Files</Filter>
    </ClInclude>
    <ClInclude Include="TextEditView.h">
      <Filter>Header Files</Filter>
    </ClInclude>
    <ClInclude Include="TinyCad.h">
      <Filter>Header Files</Filter>
    </ClInclude>
    <ClInclude Include="TinyCadDoc.h">
      <Filter>Header Files</Filter>
    </ClInclude>
    <ClInclude Include="TinyCadHierarchicalDoc.h">
      <Filter>Header Files</Filter>
    </ClInclude>
    <ClInclude Include="TinyCadMultiDoc.h">
      <Filter>Header Files</Filter>
    </ClInclude>
    <ClInclude Include="TinyCadMultiSymbolDoc.h">
      <Filter>Header Files</Filter>
    </ClInclude>
    <ClInclude Include="TinyCadRegistry.h">
      <Filter>Header Files</Filter>
    </ClInclude>
    <ClInclude Include="TinyCadSymbolDoc.h">
      <Filter>Header Files</Filter>
    </ClInclude>
    <ClInclude Include="TinyCadView.h">
      <Filter>Header Files</Filter>
    </ClInclude>
    <ClInclude Include="UserColor.h">
      <Filter>Header Files</Filter>
    </ClInclude>
    <ClInclude Include="WinMgr.h">
      <Filter>Header Files</Filter>
    </ClInclude>
    <ClInclude Include="xml_parse_tag.h">
      <Filter>Header Files</Filter>
    </ClInclude>
    <ClInclude Include="XMLException.h">
      <Filter>Header Files</Filter>
    </ClInclude>
    <ClInclude Include="XMLReader.h">
      <Filter>Header Files</Filter>
    </ClInclude>
    <ClInclude Include="XMLWriter.h">
      <Filter>Header Files</Filter>
    </ClInclude>
    <ClInclude Include="Resource.h">
      <Filter>Resource Files</Filter>
    </ClInclude>
    <ClInclude Include="sqlite\CppSQLite3U.h">
      <Filter>Sqlite</Filter>
    </ClInclude>
  </ItemGroup>
  <ItemGroup>
    <None Include="res\alignBot.ico">
      <Filter>Resource Files</Filter>
    </None>
    <None Include="res\alignCtr.ico">
      <Filter>Resource Files</Filter>
    </None>
    <None Include="res\alignLft.ico">
      <Filter>Resource Files</Filter>
    </None>
    <None Include="res\alignMid.ico">
      <Filter>Resource Files</Filter>
    </None>
    <None Include="res\alignRt.ico">
      <Filter>Resource Files</Filter>
    </None>
    <None Include="res\alignTop.ico">
      <Filter>Resource Files</Filter>
    </None>
    <None Include="..\docs\Advanced drawing.html">
      <Filter>Resource Files</Filter>
    </None>
    <None Include="res\afx_idc_.cur">
      <Filter>Resource Files</Filter>
    </None>
    <None Include="..\docs\Annotation drawing.html">
      <Filter>Resource Files</Filter>
    </None>
    <None Include="..\docs\Annotation toolbar.html">
      <Filter>Resource Files</Filter>
    </None>
    <None Include="res\bitmap2.bmp">
      <Filter>Resource Files</Filter>
    </None>
    <None Include="res\bitmap3.bmp">
      <Filter>Resource Files</Filter>
    </None>
    <None Include="..\docs\Block toolbar.html">
      <Filter>Resource Files</Filter>
    </None>
    <None Include="..\docs\Bus toolbar.html">
      <Filter>Resource Files</Filter>
    </None>
    <None Include="CAD.ICO">
      <Filter>Resource Files</Filter>
    </None>
    <None Include="..\docs\credits.html">
      <Filter>Resource Files</Filter>
    </None>
    <None Include="res\cur00001.cur">
      <Filter>Resource Files</Filter>
    </None>
    <None Include="res\cur00002.cur">
      <Filter>Resource Files</Filter>
    </None>
    <None Include="res\drawbus.bmp">
      <Filter>Resource Files</Filter>
    </None>
    <None Include="res\drawgrou.bmp">
      <Filter>Resource Files</Filter>
    </None>
    <None Include="..\docs\Drawing toolbar.html">
      <Filter>Resource Files</Filter>
    </None>
    <None Include="..\docs\drawing.html">
      <Filter>Resource Files</Filter>
    </None>
    <None Include="..\docs\edit menu.html">
      <Filter>Resource Files</Filter>
    </None>
    <None Include="..\docs\file menu.html">
      <Filter>Resource Files</Filter>
    </None>
    <None Include="..\docs\file toolbar.html">
      <Filter>Resource Files</Filter>
    </None>
    <None Include="res\idr_main.ico">
      <Filter>Resource Files</Filter>
    </None>
    <None Include="..\docs\index.html">
      <Filter>Resource Files</Filter>
    </None>
    <None Include="..\docs\introduction.html">
      <Filter>Resource Files</Filter>
    </None>
    <None Include="..\docs\libraries.html">
      <Filter>Resource Files</Filter>
    </None>
    <None Include="..\docs\library menu.html">
      <Filter>Resource Files</Filter>
    </None>
    <None Include="..\docs\multisheet.html">
      <Filter>Resource Files</Filter>
    </None>
    <None Include="..\docs\options menu.html">
      <Filter>Resource Files</Filter>
    </None>
    <None Include="..\docs\pcb.html">
      <Filter>Resource Files</Filter>
    </None>
    <None Include="..\docs\printing.html">
      <Filter>Resource Files</Filter>
    </None>
    <None Include="ReadMe.txt">
      <Filter>Resource Files</Filter>
    </None>
    <None Include="License.TXT">
      <Filter>Resource Files</Filter>
    </None>
    <None Include="..\docs\Spice Description.html">
      <Filter>Resource Files</Filter>
    </None>
    <None Include="STARTUP.BMP">
      <Filter>Resource Files</Filter>
    </None>
    <None Include="..\docs\Symbol menu.html">
      <Filter>Resource Files</Filter>
    </None>
    <None Include="res\TinyCad.ico">
      <Filter>Resource Files</Filter>
    </None>
    <None Include="res\TinyCad.rc2">
      <Filter>Resource Files</Filter>
    </None>
    <None Include="res\selected.ico">
      <Filter>Resource Files</Filter>
    </None>
    <None Include="..\docs\special menu.html">
      <Filter>Resource Files</Filter>
    </None>
    <None Include="res\TinyCadDoc.ico">
      <Filter>Resource Files</Filter>
    </None>
    <None Include="res\Toolbar.bmp">
      <Filter>Resource Files</Filter>
    </None>
    <None Include="res\toolbar1.bmp">
      <Filter>Resource Files</Filter>
    </None>
    <None Include="res\toolbar2.bmp">
      <Filter>Resource Files</Filter>
    </None>
    <None Include="res\trck4way.cur">
      <Filter>Resource Files</Filter>
    </None>
    <None Include="res\trcknesw.cur">
      <Filter>Resource Files</Filter>
    </None>
    <None Include="res\trckns.cur">
      <Filter>Resource Files</Filter>
    </None>
    <None Include="res\trcknwse.cur">
      <Filter>Resource Files</Filter>
    </None>
    <None Include="res\trckwe.cur">
      <Filter>Resource Files</Filter>
    </None>
    <None Include="res\unselect.ico">
      <Filter>Resource Files</Filter>
    </None>
    <None Include="res\zoomcurs.cur">
      <Filter>Resource Files</Filter>
    </None>
    <None Include="gitbranch.bat" />
    <None Include="packages.config" />
  </ItemGroup>
  <ItemGroup>
    <Filter Include="Header Files">
      <UniqueIdentifier>{2944e4b5-9f17-4cdb-8b40-d1afc054c8f3}</UniqueIdentifier>
      <Extensions>h;hpp;hxx;hm;inl</Extensions>
    </Filter>
    <Filter Include="Resource Files">
      <UniqueIdentifier>{d3f7b5b6-c4dd-46c0-9e95-a75edd7a936d}</UniqueIdentifier>
      <Extensions>ico;cur;bmp;dlg;rc;rc2;rct;bin;rgs;gif;jpg;jpeg;jpe</Extensions>
    </Filter>
    <Filter Include="Source Files">
      <UniqueIdentifier>{ff2bd3e4-646d-47ab-a27c-b06a7765ef7f}</UniqueIdentifier>
      <Extensions>cpp;c;cxx;rc;def;r;odl;idl;hpj;bat</Extensions>
    </Filter>
    <Filter Include="Sqlite">
      <UniqueIdentifier>{c473f113-5407-4cf4-bc73-c5e781d62e2d}</UniqueIdentifier>
    </Filter>
  </ItemGroup>
  <ItemGroup>
    <Manifest Include="TinyCAD.manifest">
      <Filter>Resource Files</Filter>
    </Manifest>
  </ItemGroup>
  <ItemGroup>
    <ResourceCompile Include="TinyCad.rc">
      <Filter>Resource Files</Filter>
    </ResourceCompile>
  </ItemGroup>
  <ItemGroup>
    <Image Include="res\gridset.bmp">
      <Filter>Resource Files</Filter>
    </Image>
    <Image Include="res\LGPLV3.bmp">
      <Filter>Resource Files</Filter>
    </Image>
  </ItemGroup>
</Project>