Microsoft Visual Studio Solution File, Format Version 10.00
# Visual Studio 2008
Project("{8BC9CEB8-8B4A-11D0-8D11-00A0C91BC942}") = "TinyCad", "TinyCadVS2008.vcproj", "{6863E1AC-68C2-4F3D-B8DE-82F6F3F3A928}"
EndProject
Global
	GlobalSection(SolutionConfigurationPlatforms) = preSolution
		Debug|Win32 = Debug|Win32
		Release|Win32 = Release|Win32
	EndGlobalSection
	GlobalSection(ProjectConfigurationPlatforms) = postSolution
		{6863E1AC-68C2-4F3D-B8DE-82F6F3F3A928}.Debug|Win32.ActiveCfg = Debug|Win32
		{6863E1AC-68C2-4F3D-B8DE-82F6F3F3A928}.Debug|Win32.Build.0 = Debug|Win32
		{6863E1AC-68C2-4F3D-B8DE-82F6F3F3A928}.Release|Win32.ActiveCfg = Release|Win32
		{6863E1AC-68C2-4F3D-B8DE-82F6F3F3A928}.Release|Win32.Build.0 = Release|Win32
	EndGlobalSection
	GlobalSection(SolutionProperties) = preSolution
		HideSolutionNode = FALSE
	EndGlobalSection
EndGlobal
